// !$*UTF8*$!
{
	archiveVersion = 1;
	classes = {
	};
	objectVersion = 46;
	objects = {

/* Begin PBXBuildFile section */
		BFAA596C0C6A66BC4EECF3E3 /* Pods_TVOSShell.framework in Frameworks */ = {isa = PBXBuildFile; fileRef = 7D42E48F6A358B7D5D1DCDC2 /* Pods_TVOSShell.framework */; };
		D50123091EC3C179003854B3 /* AppDelegate.swift in Sources */ = {isa = PBXBuildFile; fileRef = D50123081EC3C179003854B3 /* AppDelegate.swift */; };
		D501230E1EC3C179003854B3 /* Main.storyboard in Resources */ = {isa = PBXBuildFile; fileRef = D501230C1EC3C179003854B3 /* Main.storyboard */; };
		D50123101EC3C179003854B3 /* Assets.xcassets in Resources */ = {isa = PBXBuildFile; fileRef = D501230F1EC3C179003854B3 /* Assets.xcassets */; };
		D501231A1EC3C5B6003854B3 /* MainViewController.swift in Sources */ = {isa = PBXBuildFile; fileRef = D50123191EC3C5B6003854B3 /* MainViewController.swift */; };
		D501231D1EC3C606003854B3 /* FeaturedTableViewController.swift in Sources */ = {isa = PBXBuildFile; fileRef = D501231C1EC3C606003854B3 /* FeaturedTableViewController.swift */; };
		D50123201EC3C8DF003854B3 /* FeaturedTableViewCell.swift in Sources */ = {isa = PBXBuildFile; fileRef = D501231F1EC3C8DF003854B3 /* FeaturedTableViewCell.swift */; };
		D50123231EC3CC27003854B3 /* RandomColors.swift in Sources */ = {isa = PBXBuildFile; fileRef = D50123221EC3CC27003854B3 /* RandomColors.swift */; };
		D50123251EC3CDE7003854B3 /* FeaturedCollectionViewCell.swift in Sources */ = {isa = PBXBuildFile; fileRef = D50123241EC3CDE7003854B3 /* FeaturedCollectionViewCell.swift */; };
		D50123281EC64318003854B3 /* UpcomingEventsViewController.swift in Sources */ = {isa = PBXBuildFile; fileRef = D50123271EC64318003854B3 /* UpcomingEventsViewController.swift */; };
		D501232A1EC6462B003854B3 /* UpcomingEventsCell.swift in Sources */ = {isa = PBXBuildFile; fileRef = D50123291EC6462B003854B3 /* UpcomingEventsCell.swift */; };
		D501232C1EC8DA5C003854B3 /* VideoDetailViewController.swift in Sources */ = {isa = PBXBuildFile; fileRef = D501232B1EC8DA5C003854B3 /* VideoDetailViewController.swift */; };
		D501232E1ECA42A4003854B3 /* ScrollMainViewController.swift in Sources */ = {isa = PBXBuildFile; fileRef = D501232D1ECA42A4003854B3 /* ScrollMainViewController.swift */; };
		D50123301ECA4979003854B3 /* VideoCell.swift in Sources */ = {isa = PBXBuildFile; fileRef = D501232F1ECA4979003854B3 /* VideoCell.swift */; };
		D50123341ECCE7EF003854B3 /* SearchViewController.swift in Sources */ = {isa = PBXBuildFile; fileRef = D50123331ECCE7EF003854B3 /* SearchViewController.swift */; };
		D501233B1ECE3AF7003854B3 /* ScrollingImageView.swift in Sources */ = {isa = PBXBuildFile; fileRef = D501233A1ECE3AF7003854B3 /* ScrollingImageView.swift */; };
		D501233E1ECE5DDD003854B3 /* Winona.swift in Sources */ = {isa = PBXBuildFile; fileRef = D501233D1ECE5DDD003854B3 /* Winona.swift */; };
		D50123401ECE78E7003854B3 /* TopFeaturedView.swift in Sources */ = {isa = PBXBuildFile; fileRef = D501233F1ECE78E7003854B3 /* TopFeaturedView.swift */; };
		D50123421ECEB6FD003854B3 /* SearchCell.xib in Resources */ = {isa = PBXBuildFile; fileRef = D50123411ECEB6FD003854B3 /* SearchCell.xib */; };
		D50123441ECEB788003854B3 /* SearchCellCollectionViewCell.swift in Sources */ = {isa = PBXBuildFile; fileRef = D50123431ECEB788003854B3 /* SearchCellCollectionViewCell.swift */; };
		D5437BFB1EEB3D2700460D58 /* UIIconLabel.swift in Sources */ = {isa = PBXBuildFile; fileRef = D5437BFA1EEB3D2700460D58 /* UIIconLabel.swift */; };
		D5437BFD1EEB3E1100460D58 /* NavigationBar.swift in Sources */ = {isa = PBXBuildFile; fileRef = D5437BFC1EEB3E1100460D58 /* NavigationBar.swift */; };
		D5437BFF1EEF553400460D58 /* NDVideoPlayerControl.swift in Sources */ = {isa = PBXBuildFile; fileRef = D5437BFE1EEF553400460D58 /* NDVideoPlayerControl.swift */; };
		D5437C011EEF576900460D58 /* NDVideoPlayerViewController.swift in Sources */ = {isa = PBXBuildFile; fileRef = D5437C001EEF576900460D58 /* NDVideoPlayerViewController.swift */; };
		D5437C031EF1CAFE00460D58 /* NDSearchViewController.swift in Sources */ = {isa = PBXBuildFile; fileRef = D5437C021EF1CAFE00460D58 /* NDSearchViewController.swift */; };
		D55D69BC1EE73E8B00BAFB0C /* fontawesome-webfont.ttf in Resources */ = {isa = PBXBuildFile; fileRef = D5D2CBB31EE738F4004F66A2 /* fontawesome-webfont.ttf */; };
		D55D69BE1EE742ED00BAFB0C /* NDMainTableViewCell.swift in Sources */ = {isa = PBXBuildFile; fileRef = D55D69BD1EE742ED00BAFB0C /* NDMainTableViewCell.swift */; };
		D55D69C01EE7431300BAFB0C /* CategoryCellView.xib in Resources */ = {isa = PBXBuildFile; fileRef = D55D69BF1EE7431300BAFB0C /* CategoryCellView.xib */; };
		D55D69C21EE81FD600BAFB0C /* NDHeader.swift in Sources */ = {isa = PBXBuildFile; fileRef = D55D69C11EE81FD600BAFB0C /* NDHeader.swift */; };
		D55D69C41EE81FF700BAFB0C /* NDHeaderView.xib in Resources */ = {isa = PBXBuildFile; fileRef = D55D69C31EE81FF700BAFB0C /* NDHeaderView.xib */; };
		D55D69C61EE8216700BAFB0C /* NDMainCollectionViewCell.swift in Sources */ = {isa = PBXBuildFile; fileRef = D55D69C51EE8216700BAFB0C /* NDMainCollectionViewCell.swift */; };
		D55D69C81EE8240500BAFB0C /* NDMainCollectionViewCell.xib in Resources */ = {isa = PBXBuildFile; fileRef = D55D69C71EE8240500BAFB0C /* NDMainCollectionViewCell.xib */; };
		D55D69C91EE895B000BAFB0C /* MundoSansStd-MediumItalic.otf in Resources */ = {isa = PBXBuildFile; fileRef = D5D2CBB11EE73816004F66A2 /* MundoSansStd-MediumItalic.otf */; };
		D55D69CA1EE895B200BAFB0C /* MundoSansStd.otf in Resources */ = {isa = PBXBuildFile; fileRef = D5D2CBB21EE73816004F66A2 /* MundoSansStd.otf */; };
		D55D69CB1EE895B400BAFB0C /* MundoSansStd-Med.otf in Resources */ = {isa = PBXBuildFile; fileRef = D5D2CBB01EE73816004F66A2 /* MundoSansStd-Med.otf */; };
		D55D69CC1EE895B600BAFB0C /* MundoSansStd-Italic.otf in Resources */ = {isa = PBXBuildFile; fileRef = D5D2CBAF1EE73816004F66A2 /* MundoSansStd-Italic.otf */; };
		D55D69CD1EE895B800BAFB0C /* MundoSansStd-BoldItalic.otf in Resources */ = {isa = PBXBuildFile; fileRef = D5D2CBAE1EE73816004F66A2 /* MundoSansStd-BoldItalic.otf */; };
		D55D69CE1EE895BA00BAFB0C /* MundoSansStd-Bold.otf in Resources */ = {isa = PBXBuildFile; fileRef = D5D2CBAD1EE73816004F66A2 /* MundoSansStd-Bold.otf */; };
		D55EB19A1EF2C16B00617EFE /* NDViewPlayer.swift in Sources */ = {isa = PBXBuildFile; fileRef = D55EB1991EF2C16B00617EFE /* NDViewPlayer.swift */; };
		D562B6B31ED77CFD007A3990 /* VideoBottomBarNavigation.swift in Sources */ = {isa = PBXBuildFile; fileRef = D562B6B21ED77CFD007A3990 /* VideoBottomBarNavigation.swift */; };
		D562B6B51ED7814E007A3990 /* CustomVideoPlayerController.swift in Sources */ = {isa = PBXBuildFile; fileRef = D562B6B41ED7814E007A3990 /* CustomVideoPlayerController.swift */; };
		D5BFF4D71F003A930018214A /* CloudKit.framework in Frameworks */ = {isa = PBXBuildFile; fileRef = D5BFF4D61F003A930018214A /* CloudKit.framework */; };
		D5D2CB9A1EDDFAC5004F66A2 /* Video.swift in Sources */ = {isa = PBXBuildFile; fileRef = D5D2CB991EDDFAC5004F66A2 /* Video.swift */; };
		D5D2CB9C1EDDFB53004F66A2 /* SWAVideo.swift in Sources */ = {isa = PBXBuildFile; fileRef = D5D2CB9B1EDDFB53004F66A2 /* SWAVideo.swift */; };
		D5D2CB9E1EDE0241004F66A2 /* VM.swift in Sources */ = {isa = PBXBuildFile; fileRef = D5D2CB9D1EDE0241004F66A2 /* VM.swift */; };
		D5D2CBA01EDE0517004F66A2 /* ViewModel.swift in Sources */ = {isa = PBXBuildFile; fileRef = D5D2CB9F1EDE0517004F66A2 /* ViewModel.swift */; };
		D5D2CBA21EDF5F9A004F66A2 /* DataStore.swift in Sources */ = {isa = PBXBuildFile; fileRef = D5D2CBA11EDF5F9A004F66A2 /* DataStore.swift */; };
		D5D2CBA41EE0FC1B004F66A2 /* SplashScreenViewController.swift in Sources */ = {isa = PBXBuildFile; fileRef = D5D2CBA31EE0FC1B004F66A2 /* SplashScreenViewController.swift */; };
		D5D2CBA71EE72C39004F66A2 /* New_Design.storyboard in Resources */ = {isa = PBXBuildFile; fileRef = D5D2CBA61EE72C39004F66A2 /* New_Design.storyboard */; };
		D5D2CBAB1EE72E81004F66A2 /* NDMainViewController.swift in Sources */ = {isa = PBXBuildFile; fileRef = D5D2CBAA1EE72E81004F66A2 /* NDMainViewController.swift */; };
/* End PBXBuildFile section */

/* Begin PBXFileReference section */
		309F9D68A181CAF94924D176 /* Pods-TVOSShell.debug.xcconfig */ = {isa = PBXFileReference; includeInIndex = 1; lastKnownFileType = text.xcconfig; name = "Pods-TVOSShell.debug.xcconfig"; path = "Pods/Target Support Files/Pods-TVOSShell/Pods-TVOSShell.debug.xcconfig"; sourceTree = "<group>"; };
		7D42E48F6A358B7D5D1DCDC2 /* Pods_TVOSShell.framework */ = {isa = PBXFileReference; explicitFileType = wrapper.framework; includeInIndex = 0; path = Pods_TVOSShell.framework; sourceTree = BUILT_PRODUCTS_DIR; };
		D50123051EC3C179003854B3 /* TVOSShell.app */ = {isa = PBXFileReference; explicitFileType = wrapper.application; includeInIndex = 0; path = TVOSShell.app; sourceTree = BUILT_PRODUCTS_DIR; };
		D50123081EC3C179003854B3 /* AppDelegate.swift */ = {isa = PBXFileReference; lastKnownFileType = sourcecode.swift; path = AppDelegate.swift; sourceTree = "<group>"; };
		D501230D1EC3C179003854B3 /* Base */ = {isa = PBXFileReference; lastKnownFileType = file.storyboard; name = Base; path = Base.lproj/Main.storyboard; sourceTree = "<group>"; };
		D501230F1EC3C179003854B3 /* Assets.xcassets */ = {isa = PBXFileReference; lastKnownFileType = folder.assetcatalog; path = Assets.xcassets; sourceTree = "<group>"; };
		D50123111EC3C179003854B3 /* Info.plist */ = {isa = PBXFileReference; lastKnownFileType = text.plist.xml; path = Info.plist; sourceTree = "<group>"; };
		D50123191EC3C5B6003854B3 /* MainViewController.swift */ = {isa = PBXFileReference; fileEncoding = 4; lastKnownFileType = sourcecode.swift; path = MainViewController.swift; sourceTree = "<group>"; };
		D501231C1EC3C606003854B3 /* FeaturedTableViewController.swift */ = {isa = PBXFileReference; fileEncoding = 4; lastKnownFileType = sourcecode.swift; path = FeaturedTableViewController.swift; sourceTree = "<group>"; };
		D501231F1EC3C8DF003854B3 /* FeaturedTableViewCell.swift */ = {isa = PBXFileReference; fileEncoding = 4; lastKnownFileType = sourcecode.swift; path = FeaturedTableViewCell.swift; sourceTree = "<group>"; };
		D50123221EC3CC27003854B3 /* RandomColors.swift */ = {isa = PBXFileReference; fileEncoding = 4; lastKnownFileType = sourcecode.swift; path = RandomColors.swift; sourceTree = "<group>"; };
		D50123241EC3CDE7003854B3 /* FeaturedCollectionViewCell.swift */ = {isa = PBXFileReference; fileEncoding = 4; lastKnownFileType = sourcecode.swift; path = FeaturedCollectionViewCell.swift; sourceTree = "<group>"; };
		D50123271EC64318003854B3 /* UpcomingEventsViewController.swift */ = {isa = PBXFileReference; fileEncoding = 4; lastKnownFileType = sourcecode.swift; path = UpcomingEventsViewController.swift; sourceTree = "<group>"; };
		D50123291EC6462B003854B3 /* UpcomingEventsCell.swift */ = {isa = PBXFileReference; fileEncoding = 4; lastKnownFileType = sourcecode.swift; path = UpcomingEventsCell.swift; sourceTree = "<group>"; };
		D501232B1EC8DA5C003854B3 /* VideoDetailViewController.swift */ = {isa = PBXFileReference; fileEncoding = 4; lastKnownFileType = sourcecode.swift; path = VideoDetailViewController.swift; sourceTree = "<group>"; };
		D501232D1ECA42A4003854B3 /* ScrollMainViewController.swift */ = {isa = PBXFileReference; fileEncoding = 4; lastKnownFileType = sourcecode.swift; path = ScrollMainViewController.swift; sourceTree = "<group>"; };
		D501232F1ECA4979003854B3 /* VideoCell.swift */ = {isa = PBXFileReference; fileEncoding = 4; lastKnownFileType = sourcecode.swift; path = VideoCell.swift; sourceTree = "<group>"; };
		D50123331ECCE7EF003854B3 /* SearchViewController.swift */ = {isa = PBXFileReference; fileEncoding = 4; lastKnownFileType = sourcecode.swift; path = SearchViewController.swift; sourceTree = "<group>"; };
		D501233A1ECE3AF7003854B3 /* ScrollingImageView.swift */ = {isa = PBXFileReference; fileEncoding = 4; lastKnownFileType = sourcecode.swift; path = ScrollingImageView.swift; sourceTree = "<group>"; };
		D501233D1ECE5DDD003854B3 /* Winona.swift */ = {isa = PBXFileReference; fileEncoding = 4; lastKnownFileType = sourcecode.swift; path = Winona.swift; sourceTree = "<group>"; };
		D501233F1ECE78E7003854B3 /* TopFeaturedView.swift */ = {isa = PBXFileReference; fileEncoding = 4; lastKnownFileType = sourcecode.swift; path = TopFeaturedView.swift; sourceTree = "<group>"; };
		D50123411ECEB6FD003854B3 /* SearchCell.xib */ = {isa = PBXFileReference; fileEncoding = 4; lastKnownFileType = file.xib; path = SearchCell.xib; sourceTree = "<group>"; };
		D50123431ECEB788003854B3 /* SearchCellCollectionViewCell.swift */ = {isa = PBXFileReference; fileEncoding = 4; lastKnownFileType = sourcecode.swift; path = SearchCellCollectionViewCell.swift; sourceTree = "<group>"; };
		D5437BFA1EEB3D2700460D58 /* UIIconLabel.swift */ = {isa = PBXFileReference; fileEncoding = 4; lastKnownFileType = sourcecode.swift; path = UIIconLabel.swift; sourceTree = "<group>"; };
		D5437BFC1EEB3E1100460D58 /* NavigationBar.swift */ = {isa = PBXFileReference; fileEncoding = 4; lastKnownFileType = sourcecode.swift; path = NavigationBar.swift; sourceTree = "<group>"; };
		D5437BFE1EEF553400460D58 /* NDVideoPlayerControl.swift */ = {isa = PBXFileReference; fileEncoding = 4; lastKnownFileType = sourcecode.swift; path = NDVideoPlayerControl.swift; sourceTree = "<group>"; };
		D5437C001EEF576900460D58 /* NDVideoPlayerViewController.swift */ = {isa = PBXFileReference; fileEncoding = 4; lastKnownFileType = sourcecode.swift; path = NDVideoPlayerViewController.swift; sourceTree = "<group>"; };
		D5437C021EF1CAFE00460D58 /* NDSearchViewController.swift */ = {isa = PBXFileReference; fileEncoding = 4; lastKnownFileType = sourcecode.swift; path = NDSearchViewController.swift; sourceTree = "<group>"; };
		D55D69BD1EE742ED00BAFB0C /* NDMainTableViewCell.swift */ = {isa = PBXFileReference; fileEncoding = 4; lastKnownFileType = sourcecode.swift; path = NDMainTableViewCell.swift; sourceTree = "<group>"; };
		D55D69BF1EE7431300BAFB0C /* CategoryCellView.xib */ = {isa = PBXFileReference; fileEncoding = 4; lastKnownFileType = file.xib; path = CategoryCellView.xib; sourceTree = "<group>"; };
		D55D69C11EE81FD600BAFB0C /* NDHeader.swift */ = {isa = PBXFileReference; fileEncoding = 4; lastKnownFileType = sourcecode.swift; path = NDHeader.swift; sourceTree = "<group>"; };
		D55D69C31EE81FF700BAFB0C /* NDHeaderView.xib */ = {isa = PBXFileReference; fileEncoding = 4; lastKnownFileType = file.xib; path = NDHeaderView.xib; sourceTree = "<group>"; };
		D55D69C51EE8216700BAFB0C /* NDMainCollectionViewCell.swift */ = {isa = PBXFileReference; fileEncoding = 4; lastKnownFileType = sourcecode.swift; path = NDMainCollectionViewCell.swift; sourceTree = "<group>"; };
		D55D69C71EE8240500BAFB0C /* NDMainCollectionViewCell.xib */ = {isa = PBXFileReference; fileEncoding = 4; lastKnownFileType = file.xib; path = NDMainCollectionViewCell.xib; sourceTree = "<group>"; };
		D55EB1991EF2C16B00617EFE /* NDViewPlayer.swift */ = {isa = PBXFileReference; fileEncoding = 4; lastKnownFileType = sourcecode.swift; path = NDViewPlayer.swift; sourceTree = "<group>"; };
		D562B6B21ED77CFD007A3990 /* VideoBottomBarNavigation.swift */ = {isa = PBXFileReference; fileEncoding = 4; lastKnownFileType = sourcecode.swift; path = VideoBottomBarNavigation.swift; sourceTree = "<group>"; };
		D562B6B41ED7814E007A3990 /* CustomVideoPlayerController.swift */ = {isa = PBXFileReference; fileEncoding = 4; lastKnownFileType = sourcecode.swift; path = CustomVideoPlayerController.swift; sourceTree = "<group>"; };
		D5BFF4D51F003A900018214A /* TVOSShell.entitlements */ = {isa = PBXFileReference; lastKnownFileType = text.plist.entitlements; path = TVOSShell.entitlements; sourceTree = "<group>"; };
		D5BFF4D61F003A930018214A /* CloudKit.framework */ = {isa = PBXFileReference; lastKnownFileType = wrapper.framework; name = CloudKit.framework; path = System/Library/Frameworks/CloudKit.framework; sourceTree = SDKROOT; };
		D5D2CB991EDDFAC5004F66A2 /* Video.swift */ = {isa = PBXFileReference; fileEncoding = 4; lastKnownFileType = sourcecode.swift; path = Video.swift; sourceTree = "<group>"; };
		D5D2CB9B1EDDFB53004F66A2 /* SWAVideo.swift */ = {isa = PBXFileReference; fileEncoding = 4; lastKnownFileType = sourcecode.swift; path = SWAVideo.swift; sourceTree = "<group>"; };
		D5D2CB9D1EDE0241004F66A2 /* VM.swift */ = {isa = PBXFileReference; fileEncoding = 4; lastKnownFileType = sourcecode.swift; path = VM.swift; sourceTree = "<group>"; };
		D5D2CB9F1EDE0517004F66A2 /* ViewModel.swift */ = {isa = PBXFileReference; fileEncoding = 4; lastKnownFileType = sourcecode.swift; name = ViewModel.swift; path = ../ViewModel.swift; sourceTree = "<group>"; };
		D5D2CBA11EDF5F9A004F66A2 /* DataStore.swift */ = {isa = PBXFileReference; fileEncoding = 4; lastKnownFileType = sourcecode.swift; path = DataStore.swift; sourceTree = "<group>"; };
		D5D2CBA31EE0FC1B004F66A2 /* SplashScreenViewController.swift */ = {isa = PBXFileReference; fileEncoding = 4; lastKnownFileType = sourcecode.swift; path = SplashScreenViewController.swift; sourceTree = "<group>"; };
		D5D2CBA61EE72C39004F66A2 /* New_Design.storyboard */ = {isa = PBXFileReference; fileEncoding = 4; lastKnownFileType = file.storyboard; path = New_Design.storyboard; sourceTree = "<group>"; };
		D5D2CBAA1EE72E81004F66A2 /* NDMainViewController.swift */ = {isa = PBXFileReference; fileEncoding = 4; lastKnownFileType = sourcecode.swift; path = NDMainViewController.swift; sourceTree = "<group>"; };
		D5D2CBAD1EE73816004F66A2 /* MundoSansStd-Bold.otf */ = {isa = PBXFileReference; lastKnownFileType = file; name = "MundoSansStd-Bold.otf"; path = "../../../../Downloads/SWA Font Mundo/MundoSansStd-Bold.otf"; sourceTree = "<group>"; };
		D5D2CBAE1EE73816004F66A2 /* MundoSansStd-BoldItalic.otf */ = {isa = PBXFileReference; lastKnownFileType = file; name = "MundoSansStd-BoldItalic.otf"; path = "../../../../Downloads/SWA Font Mundo/MundoSansStd-BoldItalic.otf"; sourceTree = "<group>"; };
		D5D2CBAF1EE73816004F66A2 /* MundoSansStd-Italic.otf */ = {isa = PBXFileReference; lastKnownFileType = file; name = "MundoSansStd-Italic.otf"; path = "../../../../Downloads/SWA Font Mundo/MundoSansStd-Italic.otf"; sourceTree = "<group>"; };
		D5D2CBB01EE73816004F66A2 /* MundoSansStd-Med.otf */ = {isa = PBXFileReference; lastKnownFileType = file; name = "MundoSansStd-Med.otf"; path = "../../../../Downloads/SWA Font Mundo/MundoSansStd-Med.otf"; sourceTree = "<group>"; };
		D5D2CBB11EE73816004F66A2 /* MundoSansStd-MediumItalic.otf */ = {isa = PBXFileReference; lastKnownFileType = file; name = "MundoSansStd-MediumItalic.otf"; path = "../../../../Downloads/SWA Font Mundo/MundoSansStd-MediumItalic.otf"; sourceTree = "<group>"; };
		D5D2CBB21EE73816004F66A2 /* MundoSansStd.otf */ = {isa = PBXFileReference; lastKnownFileType = file; name = MundoSansStd.otf; path = "../../../../Downloads/SWA Font Mundo/MundoSansStd.otf"; sourceTree = "<group>"; };
		D5D2CBB31EE738F4004F66A2 /* fontawesome-webfont.ttf */ = {isa = PBXFileReference; lastKnownFileType = file; name = "fontawesome-webfont.ttf"; path = "../../../../Downloads/font-awesome-4.7.0/fonts/fontawesome-webfont.ttf"; sourceTree = "<group>"; };
		F4F822EEEB56BFFEDA562AC3 /* Pods-TVOSShell.release.xcconfig */ = {isa = PBXFileReference; includeInIndex = 1; lastKnownFileType = text.xcconfig; name = "Pods-TVOSShell.release.xcconfig"; path = "Pods/Target Support Files/Pods-TVOSShell/Pods-TVOSShell.release.xcconfig"; sourceTree = "<group>"; };
/* End PBXFileReference section */

/* Begin PBXFrameworksBuildPhase section */
		D50123021EC3C179003854B3 /* Frameworks */ = {
			isa = PBXFrameworksBuildPhase;
			buildActionMask = 2147483647;
			files = (
				BFAA596C0C6A66BC4EECF3E3 /* Pods_TVOSShell.framework in Frameworks */,
				D5BFF4D71F003A930018214A /* CloudKit.framework in Frameworks */,
			);
			runOnlyForDeploymentPostprocessing = 0;
		};
/* End PBXFrameworksBuildPhase section */

/* Begin PBXGroup section */
		1A3913D7213CE9249E74DEF8 /* Pods */ = {
			isa = PBXGroup;
			children = (
				309F9D68A181CAF94924D176 /* Pods-TVOSShell.debug.xcconfig */,
				F4F822EEEB56BFFEDA562AC3 /* Pods-TVOSShell.release.xcconfig */,
			);
			name = Pods;
			sourceTree = "<group>";
		};
		255262DDD3D8D8903808E9D7 /* Frameworks */ = {
			isa = PBXGroup;
			children = (
				D5BFF4D61F003A930018214A /* CloudKit.framework */,
				7D42E48F6A358B7D5D1DCDC2 /* Pods_TVOSShell.framework */,
			);
			name = Frameworks;
			sourceTree = "<group>";
		};
		D50122FC1EC3C179003854B3 = {
			isa = PBXGroup;
			children = (
				D50123071EC3C179003854B3 /* TVOSShell */,
				D50123061EC3C179003854B3 /* Products */,
				1A3913D7213CE9249E74DEF8 /* Pods */,
				255262DDD3D8D8903808E9D7 /* Frameworks */,
			);
			sourceTree = "<group>";
		};
		D50123061EC3C179003854B3 /* Products */ = {
			isa = PBXGroup;
			children = (
				D50123051EC3C179003854B3 /* TVOSShell.app */,
			);
			name = Products;
			sourceTree = "<group>";
		};
		D50123071EC3C179003854B3 /* TVOSShell */ = {
			isa = PBXGroup;
			children = (
				D5BFF4D51F003A900018214A /* TVOSShell.entitlements */,
				D5D2CBAC1EE7380D004F66A2 /* Fonts */,
				D5D2CBA91EE72E64004F66A2 /* NewDesign */,
				D5D2CBA31EE0FC1B004F66A2 /* SplashScreenViewController.swift */,
				D5D2CBA81EE72E56004F66A2 /* Data */,
				D5D2CBA51EE5D843004F66A2 /* Cells */,
				D50123191EC3C5B6003854B3 /* MainViewController.swift */,
				D501233C1ECE5BB2003854B3 /* Networking */,
				D50123351ECE3A98003854B3 /* Views */,
				D50123211EC3CC19003854B3 /* UIKitExtensions */,
				D501231B1EC3C5E9003854B3 /* Controllers */,
				D50123171EC3C4E3003854B3 /* Storyboards */,
				D50123081EC3C179003854B3 /* AppDelegate.swift */,
				D501230F1EC3C179003854B3 /* Assets.xcassets */,
				D50123111EC3C179003854B3 /* Info.plist */,
			);
			path = TVOSShell;
			sourceTree = "<group>";
		};
		D50123171EC3C4E3003854B3 /* Storyboards */ = {
			isa = PBXGroup;
			children = (
				D501230C1EC3C179003854B3 /* Main.storyboard */,
				D5D2CBA61EE72C39004F66A2 /* New_Design.storyboard */,
			);
			name = Storyboards;
			sourceTree = "<group>";
		};
		D501231B1EC3C5E9003854B3 /* Controllers */ = {
			isa = PBXGroup;
			children = (
				D50123321ECCE7C0003854B3 /* Search */,
				D50123311ECCE50F003854B3 /* 1st-Main */,
				D501231E1EC3C6CF003854B3 /* 2nd-Featured */,
				D50123261EC64303003854B3 /* Upcoming Events */,
				D501232B1EC8DA5C003854B3 /* VideoDetailViewController.swift */,
				D562B6B41ED7814E007A3990 /* CustomVideoPlayerController.swift */,
				D562B6B21ED77CFD007A3990 /* VideoBottomBarNavigation.swift */,
			);
			name = Controllers;
			sourceTree = "<group>";
		};
		D501231E1EC3C6CF003854B3 /* 2nd-Featured */ = {
			isa = PBXGroup;
			children = (
				D501231C1EC3C606003854B3 /* FeaturedTableViewController.swift */,
			);
			name = "2nd-Featured";
			sourceTree = "<group>";
		};
		D50123211EC3CC19003854B3 /* UIKitExtensions */ = {
			isa = PBXGroup;
			children = (
				D50123221EC3CC27003854B3 /* RandomColors.swift */,
			);
			name = UIKitExtensions;
			sourceTree = "<group>";
		};
		D50123261EC64303003854B3 /* Upcoming Events */ = {
			isa = PBXGroup;
			children = (
				D50123271EC64318003854B3 /* UpcomingEventsViewController.swift */,
				D50123291EC6462B003854B3 /* UpcomingEventsCell.swift */,
			);
			name = "Upcoming Events";
			sourceTree = "<group>";
		};
		D50123311ECCE50F003854B3 /* 1st-Main */ = {
			isa = PBXGroup;
			children = (
				D501232D1ECA42A4003854B3 /* ScrollMainViewController.swift */,
			);
			name = "1st-Main";
			sourceTree = "<group>";
		};
		D50123321ECCE7C0003854B3 /* Search */ = {
			isa = PBXGroup;
			children = (
			);
			name = Search;
			sourceTree = "<group>";
		};
		D50123351ECE3A98003854B3 /* Views */ = {
			isa = PBXGroup;
			children = (
				D501233A1ECE3AF7003854B3 /* ScrollingImageView.swift */,
				D501233F1ECE78E7003854B3 /* TopFeaturedView.swift */,
				D5437BFA1EEB3D2700460D58 /* UIIconLabel.swift */,
				D5437BFC1EEB3E1100460D58 /* NavigationBar.swift */,
			);
			name = Views;
			sourceTree = "<group>";
		};
		D501233C1ECE5BB2003854B3 /* Networking */ = {
			isa = PBXGroup;
			children = (
				D501233D1ECE5DDD003854B3 /* Winona.swift */,
				D5D2CBA11EDF5F9A004F66A2 /* DataStore.swift */,
			);
			name = Networking;
			sourceTree = "<group>";
		};
		D5D2CBA51EE5D843004F66A2 /* Cells */ = {
			isa = PBXGroup;
			children = (
				D50123241EC3CDE7003854B3 /* FeaturedCollectionViewCell.swift */,
				D501231F1EC3C8DF003854B3 /* FeaturedTableViewCell.swift */,
				D50123431ECEB788003854B3 /* SearchCellCollectionViewCell.swift */,
				D501232F1ECA4979003854B3 /* VideoCell.swift */,
			);
			name = Cells;
			sourceTree = "<group>";
		};
		D5D2CBA81EE72E56004F66A2 /* Data */ = {
			isa = PBXGroup;
			children = (
				D5D2CB991EDDFAC5004F66A2 /* Video.swift */,
				D5D2CB9F1EDE0517004F66A2 /* ViewModel.swift */,
				D5D2CB9B1EDDFB53004F66A2 /* SWAVideo.swift */,
				D5D2CB9D1EDE0241004F66A2 /* VM.swift */,
			);
			name = Data;
			sourceTree = "<group>";
		};
		D5D2CBA91EE72E64004F66A2 /* NewDesign */ = {
			isa = PBXGroup;
			children = (
				D5D2CBAA1EE72E81004F66A2 /* NDMainViewController.swift */,
				D55D69BD1EE742ED00BAFB0C /* NDMainTableViewCell.swift */,
				D55D69BF1EE7431300BAFB0C /* CategoryCellView.xib */,
				D55D69C11EE81FD600BAFB0C /* NDHeader.swift */,
				D55D69C31EE81FF700BAFB0C /* NDHeaderView.xib */,
				D55D69C51EE8216700BAFB0C /* NDMainCollectionViewCell.swift */,
				D55D69C71EE8240500BAFB0C /* NDMainCollectionViewCell.xib */,
				D5437C001EEF576900460D58 /* NDVideoPlayerViewController.swift */,
				D5437BFE1EEF553400460D58 /* NDVideoPlayerControl.swift */,
				D5437C021EF1CAFE00460D58 /* NDSearchViewController.swift */,
				D50123331ECCE7EF003854B3 /* SearchViewController.swift */,
				D50123411ECEB6FD003854B3 /* SearchCell.xib */,
				D55EB1991EF2C16B00617EFE /* NDViewPlayer.swift */,
			);
			name = NewDesign;
			sourceTree = "<group>";
		};
		D5D2CBAC1EE7380D004F66A2 /* Fonts */ = {
			isa = PBXGroup;
			children = (
				D5D2CBB31EE738F4004F66A2 /* fontawesome-webfont.ttf */,
				D5D2CBAD1EE73816004F66A2 /* MundoSansStd-Bold.otf */,
				D5D2CBAE1EE73816004F66A2 /* MundoSansStd-BoldItalic.otf */,
				D5D2CBAF1EE73816004F66A2 /* MundoSansStd-Italic.otf */,
				D5D2CBB01EE73816004F66A2 /* MundoSansStd-Med.otf */,
				D5D2CBB11EE73816004F66A2 /* MundoSansStd-MediumItalic.otf */,
				D5D2CBB21EE73816004F66A2 /* MundoSansStd.otf */,
			);
			name = Fonts;
			sourceTree = "<group>";
		};
/* End PBXGroup section */

/* Begin PBXNativeTarget section */
		D50123041EC3C179003854B3 /* TVOSShell */ = {
			isa = PBXNativeTarget;
			buildConfigurationList = D50123141EC3C179003854B3 /* Build configuration list for PBXNativeTarget "TVOSShell" */;
			buildPhases = (
				0D17ED5E4773F6D2433D9649 /* [CP] Check Pods Manifest.lock */,
				D50123011EC3C179003854B3 /* Sources */,
				D50123021EC3C179003854B3 /* Frameworks */,
				D50123031EC3C179003854B3 /* Resources */,
				CCF9DB32F39CB3695D26B725 /* [CP] Embed Pods Frameworks */,
				56374597EB9CAB2F7F1BF849 /* [CP] Copy Pods Resources */,
			);
			buildRules = (
			);
			dependencies = (
			);
			name = TVOSShell;
			productName = TVOSShell;
			productReference = D50123051EC3C179003854B3 /* TVOSShell.app */;
			productType = "com.apple.product-type.application";
		};
/* End PBXNativeTarget section */

/* Begin PBXProject section */
		D50122FD1EC3C179003854B3 /* Project object */ = {
			isa = PBXProject;
			attributes = {
				LastSwiftUpdateCheck = 0830;
				LastUpgradeCheck = 0830;
				ORGANIZATIONNAME = Markim;
				TargetAttributes = {
					D50123041EC3C179003854B3 = {
						CreatedOnToolsVersion = 8.3.2;
						DevelopmentTeam = 2W3P634BS8;
						ProvisioningStyle = Automatic;
						SystemCapabilities = {
							com.apple.Push = {
								enabled = 1;
							};
							com.apple.iCloud = {
								enabled = 1;
							};
						};
					};
				};
			};
			buildConfigurationList = D50123001EC3C179003854B3 /* Build configuration list for PBXProject "TVOSShell" */;
			compatibilityVersion = "Xcode 3.2";
			developmentRegion = English;
			hasScannedForEncodings = 0;
			knownRegions = (
				en,
				Base,
			);
			mainGroup = D50122FC1EC3C179003854B3;
			productRefGroup = D50123061EC3C179003854B3 /* Products */;
			projectDirPath = "";
			projectRoot = "";
			targets = (
				D50123041EC3C179003854B3 /* TVOSShell */,
			);
		};
/* End PBXProject section */

/* Begin PBXResourcesBuildPhase section */
		D50123031EC3C179003854B3 /* Resources */ = {
			isa = PBXResourcesBuildPhase;
			buildActionMask = 2147483647;
			files = (
				D55D69CC1EE895B600BAFB0C /* MundoSansStd-Italic.otf in Resources */,
				D55D69CE1EE895BA00BAFB0C /* MundoSansStd-Bold.otf in Resources */,
				D55D69CA1EE895B200BAFB0C /* MundoSansStd.otf in Resources */,
				D50123421ECEB6FD003854B3 /* SearchCell.xib in Resources */,
				D50123101EC3C179003854B3 /* Assets.xcassets in Resources */,
				D55D69C41EE81FF700BAFB0C /* NDHeaderView.xib in Resources */,
				D55D69C81EE8240500BAFB0C /* NDMainCollectionViewCell.xib in Resources */,
				D55D69C01EE7431300BAFB0C /* CategoryCellView.xib in Resources */,
				D55D69C91EE895B000BAFB0C /* MundoSansStd-MediumItalic.otf in Resources */,
				D55D69CB1EE895B400BAFB0C /* MundoSansStd-Med.otf in Resources */,
				D55D69BC1EE73E8B00BAFB0C /* fontawesome-webfont.ttf in Resources */,
				D501230E1EC3C179003854B3 /* Main.storyboard in Resources */,
				D55D69CD1EE895B800BAFB0C /* MundoSansStd-BoldItalic.otf in Resources */,
				D5D2CBA71EE72C39004F66A2 /* New_Design.storyboard in Resources */,
			);
			runOnlyForDeploymentPostprocessing = 0;
		};
/* End PBXResourcesBuildPhase section */

/* Begin PBXShellScriptBuildPhase section */
		0D17ED5E4773F6D2433D9649 /* [CP] Check Pods Manifest.lock */ = {
			isa = PBXShellScriptBuildPhase;
			buildActionMask = 2147483647;
			files = (
			);
			inputPaths = (
			);
			name = "[CP] Check Pods Manifest.lock";
			outputPaths = (
			);
			runOnlyForDeploymentPostprocessing = 0;
			shellPath = /bin/sh;
			shellScript = "diff \"${PODS_PODFILE_DIR_PATH}/Podfile.lock\" \"${PODS_ROOT}/Manifest.lock\" > /dev/null\nif [ $? != 0 ] ; then\n    # print error to STDERR\n    echo \"error: The sandbox is not in sync with the Podfile.lock. Run 'pod install' or update your CocoaPods installation.\" >&2\n    exit 1\nfi\n";
			showEnvVarsInLog = 0;
		};
		56374597EB9CAB2F7F1BF849 /* [CP] Copy Pods Resources */ = {
			isa = PBXShellScriptBuildPhase;
			buildActionMask = 2147483647;
			files = (
			);
			inputPaths = (
			);
			name = "[CP] Copy Pods Resources";
			outputPaths = (
			);
			runOnlyForDeploymentPostprocessing = 0;
			shellPath = /bin/sh;
			shellScript = "\"${SRCROOT}/Pods/Target Support Files/Pods-TVOSShell/Pods-TVOSShell-resources.sh\"\n";
			showEnvVarsInLog = 0;
		};
		CCF9DB32F39CB3695D26B725 /* [CP] Embed Pods Frameworks */ = {
			isa = PBXShellScriptBuildPhase;
			buildActionMask = 2147483647;
			files = (
			);
			inputPaths = (
			);
			name = "[CP] Embed Pods Frameworks";
			outputPaths = (
			);
			runOnlyForDeploymentPostprocessing = 0;
			shellPath = /bin/sh;
			shellScript = "\"${SRCROOT}/Pods/Target Support Files/Pods-TVOSShell/Pods-TVOSShell-frameworks.sh\"\n";
			showEnvVarsInLog = 0;
		};
/* End PBXShellScriptBuildPhase section */

/* Begin PBXSourcesBuildPhase section */
		D50123011EC3C179003854B3 /* Sources */ = {
			isa = PBXSourcesBuildPhase;
			buildActionMask = 2147483647;
			files = (
				D5D2CBAB1EE72E81004F66A2 /* NDMainViewController.swift in Sources */,
				D501232E1ECA42A4003854B3 /* ScrollMainViewController.swift in Sources */,
				D501233B1ECE3AF7003854B3 /* ScrollingImageView.swift in Sources */,
				D5D2CBA41EE0FC1B004F66A2 /* SplashScreenViewController.swift in Sources */,
				D55D69BE1EE742ED00BAFB0C /* NDMainTableViewCell.swift in Sources */,
				D5437BFD1EEB3E1100460D58 /* NavigationBar.swift in Sources */,
				D50123441ECEB788003854B3 /* SearchCellCollectionViewCell.swift in Sources */,
				D5D2CB9C1EDDFB53004F66A2 /* SWAVideo.swift in Sources */,
				D55D69C61EE8216700BAFB0C /* NDMainCollectionViewCell.swift in Sources */,
				D5437C031EF1CAFE00460D58 /* NDSearchViewController.swift in Sources */,
				D562B6B51ED7814E007A3990 /* CustomVideoPlayerController.swift in Sources */,
				D50123091EC3C179003854B3 /* AppDelegate.swift in Sources */,
				D50123281EC64318003854B3 /* UpcomingEventsViewController.swift in Sources */,
				D501232A1EC6462B003854B3 /* UpcomingEventsCell.swift in Sources */,
				D501233E1ECE5DDD003854B3 /* Winona.swift in Sources */,
				D55EB19A1EF2C16B00617EFE /* NDViewPlayer.swift in Sources */,
				D5437BFB1EEB3D2700460D58 /* UIIconLabel.swift in Sources */,
				D50123201EC3C8DF003854B3 /* FeaturedTableViewCell.swift in Sources */,
				D501232C1EC8DA5C003854B3 /* VideoDetailViewController.swift in Sources */,
				D5D2CBA01EDE0517004F66A2 /* ViewModel.swift in Sources */,
				D50123401ECE78E7003854B3 /* TopFeaturedView.swift in Sources */,
				D5437C011EEF576900460D58 /* NDVideoPlayerViewController.swift in Sources */,
				D50123341ECCE7EF003854B3 /* SearchViewController.swift in Sources */,
				D5D2CB9E1EDE0241004F66A2 /* VM.swift in Sources */,
				D50123251EC3CDE7003854B3 /* FeaturedCollectionViewCell.swift in Sources */,
				D50123301ECA4979003854B3 /* VideoCell.swift in Sources */,
				D50123231EC3CC27003854B3 /* RandomColors.swift in Sources */,
				D5D2CB9A1EDDFAC5004F66A2 /* Video.swift in Sources */,
				D501231D1EC3C606003854B3 /* FeaturedTableViewController.swift in Sources */,
				D5D2CBA21EDF5F9A004F66A2 /* DataStore.swift in Sources */,
				D55D69C21EE81FD600BAFB0C /* NDHeader.swift in Sources */,
				D501231A1EC3C5B6003854B3 /* MainViewController.swift in Sources */,
				D562B6B31ED77CFD007A3990 /* VideoBottomBarNavigation.swift in Sources */,
				D5437BFF1EEF553400460D58 /* NDVideoPlayerControl.swift in Sources */,
			);
			runOnlyForDeploymentPostprocessing = 0;
		};
/* End PBXSourcesBuildPhase section */

/* Begin PBXVariantGroup section */
		D501230C1EC3C179003854B3 /* Main.storyboard */ = {
			isa = PBXVariantGroup;
			children = (
				D501230D1EC3C179003854B3 /* Base */,
			);
			name = Main.storyboard;
			sourceTree = "<group>";
		};
/* End PBXVariantGroup section */

/* Begin XCBuildConfiguration section */
		D50123121EC3C179003854B3 /* Debug */ = {
			isa = XCBuildConfiguration;
			buildSettings = {
				ALWAYS_SEARCH_USER_PATHS = NO;
				CLANG_ANALYZER_NONNULL = YES;
				CLANG_ANALYZER_NUMBER_OBJECT_CONVERSION = YES_AGGRESSIVE;
				CLANG_CXX_LANGUAGE_STANDARD = "gnu++0x";
				CLANG_CXX_LIBRARY = "libc++";
				CLANG_ENABLE_MODULES = YES;
				CLANG_ENABLE_OBJC_ARC = YES;
				CLANG_WARN_BOOL_CONVERSION = YES;
				CLANG_WARN_CONSTANT_CONVERSION = YES;
				CLANG_WARN_DIRECT_OBJC_ISA_USAGE = YES_ERROR;
				CLANG_WARN_DOCUMENTATION_COMMENTS = YES;
				CLANG_WARN_EMPTY_BODY = YES;
				CLANG_WARN_ENUM_CONVERSION = YES;
				CLANG_WARN_INFINITE_RECURSION = YES;
				CLANG_WARN_INT_CONVERSION = YES;
				CLANG_WARN_OBJC_ROOT_CLASS = YES_ERROR;
				CLANG_WARN_SUSPICIOUS_MOVE = YES;
				CLANG_WARN_UNREACHABLE_CODE = YES;
				CLANG_WARN__DUPLICATE_METHOD_MATCH = YES;
				COPY_PHASE_STRIP = NO;
				DEBUG_INFORMATION_FORMAT = dwarf;
				ENABLE_STRICT_OBJC_MSGSEND = YES;
				ENABLE_TESTABILITY = YES;
				GCC_C_LANGUAGE_STANDARD = gnu99;
				GCC_DYNAMIC_NO_PIC = NO;
				GCC_NO_COMMON_BLOCKS = YES;
				GCC_OPTIMIZATION_LEVEL = 0;
				GCC_PREPROCESSOR_DEFINITIONS = (
					"DEBUG=1",
					"$(inherited)",
				);
				GCC_WARN_64_TO_32_BIT_CONVERSION = YES;
				GCC_WARN_ABOUT_RETURN_TYPE = YES_ERROR;
				GCC_WARN_UNDECLARED_SELECTOR = YES;
				GCC_WARN_UNINITIALIZED_AUTOS = YES_AGGRESSIVE;
				GCC_WARN_UNUSED_FUNCTION = YES;
				GCC_WARN_UNUSED_VARIABLE = YES;
				MTL_ENABLE_DEBUG_INFO = YES;
				ONLY_ACTIVE_ARCH = YES;
				SDKROOT = appletvos;
				SWIFT_ACTIVE_COMPILATION_CONDITIONS = DEBUG;
				SWIFT_OPTIMIZATION_LEVEL = "-Onone";
				TARGETED_DEVICE_FAMILY = 3;
				TVOS_DEPLOYMENT_TARGET = 10.2;
			};
			name = Debug;
		};
		D50123131EC3C179003854B3 /* Release */ = {
			isa = XCBuildConfiguration;
			buildSettings = {
				ALWAYS_SEARCH_USER_PATHS = NO;
				CLANG_ANALYZER_NONNULL = YES;
				CLANG_ANALYZER_NUMBER_OBJECT_CONVERSION = YES_AGGRESSIVE;
				CLANG_CXX_LANGUAGE_STANDARD = "gnu++0x";
				CLANG_CXX_LIBRARY = "libc++";
				CLANG_ENABLE_MODULES = YES;
				CLANG_ENABLE_OBJC_ARC = YES;
				CLANG_WARN_BOOL_CONVERSION = YES;
				CLANG_WARN_CONSTANT_CONVERSION = YES;
				CLANG_WARN_DIRECT_OBJC_ISA_USAGE = YES_ERROR;
				CLANG_WARN_DOCUMENTATION_COMMENTS = YES;
				CLANG_WARN_EMPTY_BODY = YES;
				CLANG_WARN_ENUM_CONVERSION = YES;
				CLANG_WARN_INFINITE_RECURSION = YES;
				CLANG_WARN_INT_CONVERSION = YES;
				CLANG_WARN_OBJC_ROOT_CLASS = YES_ERROR;
				CLANG_WARN_SUSPICIOUS_MOVE = YES;
				CLANG_WARN_UNREACHABLE_CODE = YES;
				CLANG_WARN__DUPLICATE_METHOD_MATCH = YES;
				COPY_PHASE_STRIP = NO;
				DEBUG_INFORMATION_FORMAT = "dwarf-with-dsym";
				ENABLE_NS_ASSERTIONS = NO;
				ENABLE_STRICT_OBJC_MSGSEND = YES;
				GCC_C_LANGUAGE_STANDARD = gnu99;
				GCC_NO_COMMON_BLOCKS = YES;
				GCC_WARN_64_TO_32_BIT_CONVERSION = YES;
				GCC_WARN_ABOUT_RETURN_TYPE = YES_ERROR;
				GCC_WARN_UNDECLARED_SELECTOR = YES;
				GCC_WARN_UNINITIALIZED_AUTOS = YES_AGGRESSIVE;
				GCC_WARN_UNUSED_FUNCTION = YES;
				GCC_WARN_UNUSED_VARIABLE = YES;
				MTL_ENABLE_DEBUG_INFO = NO;
				SDKROOT = appletvos;
				SWIFT_OPTIMIZATION_LEVEL = "-Owholemodule";
				TARGETED_DEVICE_FAMILY = 3;
				TVOS_DEPLOYMENT_TARGET = 10.2;
				VALIDATE_PRODUCT = YES;
			};
			name = Release;
		};
		D50123151EC3C179003854B3 /* Debug */ = {
			isa = XCBuildConfiguration;
			baseConfigurationReference = 309F9D68A181CAF94924D176 /* Pods-TVOSShell.debug.xcconfig */;
			buildSettings = {
				ASSETCATALOG_COMPILER_APPICON_NAME = "App Icon & Top Shelf Image";
				ASSETCATALOG_COMPILER_LAUNCHIMAGE_NAME = LaunchImage;
				CODE_SIGN_ENTITLEMENTS = TVOSShell/TVOSShell.entitlements;
				DEVELOPMENT_TEAM = 2W3P634BS8;
				INFOPLIST_FILE = TVOSShell/Info.plist;
				LD_RUNPATH_SEARCH_PATHS = "$(inherited) @executable_path/Frameworks";
				PRODUCT_BUNDLE_IDENTIFIER = wieck.TVOSShell;
				PRODUCT_NAME = "$(TARGET_NAME)";
				SWIFT_VERSION = 3.0;
			};
			name = Debug;
		};
		D50123161EC3C179003854B3 /* Release */ = {
			isa = XCBuildConfiguration;
			baseConfigurationReference = F4F822EEEB56BFFEDA562AC3 /* Pods-TVOSShell.release.xcconfig */;
			buildSettings = {
				ASSETCATALOG_COMPILER_APPICON_NAME = "App Icon & Top Shelf Image";
				ASSETCATALOG_COMPILER_LAUNCHIMAGE_NAME = LaunchImage;
				CODE_SIGN_ENTITLEMENTS = TVOSShell/TVOSShell.entitlements;
				DEVELOPMENT_TEAM = 2W3P634BS8;
				INFOPLIST_FILE = TVOSShell/Info.plist;
				LD_RUNPATH_SEARCH_PATHS = "$(inherited) @executable_path/Frameworks";
				PRODUCT_BUNDLE_IDENTIFIER = wieck.TVOSShell;
				PRODUCT_NAME = "$(TARGET_NAME)";
				SWIFT_VERSION = 3.0;
			};
			name = Release;
		};
/* End XCBuildConfiguration section */

/* Begin XCConfigurationList section */
		D50123001EC3C179003854B3 /* Build configuration list for PBXProject "TVOSShell" */ = {
			isa = XCConfigurationList;
			buildConfigurations = (
				D50123121EC3C179003854B3 /* Debug */,
				D50123131EC3C179003854B3 /* Release */,
			);
			defaultConfigurationIsVisible = 0;
			defaultConfigurationName = Release;
		};
		D50123141EC3C179003854B3 /* Build configuration list for PBXNativeTarget "TVOSShell" */ = {
			isa = XCConfigurationList;
			buildConfigurations = (
				D50123151EC3C179003854B3 /* Debug */,
				D50123161EC3C179003854B3 /* Release */,
			);
			defaultConfigurationIsVisible = 0;
			defaultConfigurationName = Release;
		};
/* End XCConfigurationList section */
	};
	rootObject = D50122FD1EC3C179003854B3 /* Project object */;
}
